# This file was autogenerated by Stack.
# You should not edit this file by hand.
# For more information, please see the documentation at:
#   https://docs.haskellstack.org/en/stable/lock_files

packages:
- completed:
    hackage: rel8-1.0.0.1@sha256:44a53e2c9b295da0c4659f335f8b3e7ddbe9564727e247a1a1c616dc6d089812,5059
    pantry-tree:
      size: 8721
      sha256: 9b715c4dba46d2f8387507a04ea95205dc56e98660555a23b28a4550d7b40840
  original:
    hackage: rel8-1.0.0.1@sha256:44a53e2c9b295da0c4659f335f8b3e7ddbe9564727e247a1a1c616dc6d089812,5059
snapshots:
- completed:
    size: 585393
    url: https://raw.githubusercontent.com/commercialhaskell/stackage-snapshots/master/lts/18/0.yaml
    sha256: c632012da648385b9fa3c29f4e0afd56ead299f1c5528ee789058be410e883c0
  original:
    url: https://raw.githubusercontent.com/commercialhaskell/stackage-snapshots/master/lts/18/0.yaml
