# This file was autogenerated by Stack.
# You should not edit this file by hand.
# For more information, please see the documentation at:
#   https://docs.haskellstack.org/en/stable/lock_files

snapshots:
- original:
    url: https://raw.githubusercontent.com/commercialhaskell/stackage-snapshots/master/lts/18/5.yaml
  completed:
    sha256: 22d24d0dacad9c1450b9a174c28d203f9bb482a2a8da9710a2f2a9f4afee2887
    url: https://raw.githubusercontent.com/commercialhaskell/stackage-snapshots/master/lts/18/5.yaml
    size: 585817
packages:
- original:
    hackage: fused-effects-1.1.1.1@sha256:c029c5fb0b2154281221a71ff25709d2a11347fe061fa8c2398e7fe52a16008d,4932
  completed:
    pantry-tree:
      sha256: 7d09ba6d70fc49a5fd2feef0e6b06122589b9f5e4539680c9d7933773e7273d7
      size: 6345
    hackage: fused-effects-1.1.1.1@sha256:c029c5fb0b2154281221a71ff25709d2a11347fe061fa8c2398e7fe52a16008d,4932
